<Solution>
  <Folder Name="/samples/" />
  <Folder Name="/samples/BatchSynthesis/">
    <Project Path="samples/BatchSynthesis/Windows.Speech.BatchSynthesis.csproj" />
  </Folder>
  <Folder Name="/samples/ConversationLoop/">
    <Project Path="samples/ConversationLoop/Windows.Speech.ConversationLoop.csproj" />
  </Folder>
  <Folder Name="/samples/Demo/">
    <Project Path="samples/Demo/Windows.Speech.Demo.csproj" />
  </Folder>
  <Folder Name="/samples/ListVoices/">
    <Project Path="samples/ListVoices/Windows.Speech.ListVoices.csproj" />
  </Folder>
  <Folder Name="/samples/LowLevelPipeline/">
    <Project Path="samples/LowLevelPipeline/Windows.Speech.LowLevelPipeline.csproj" />
  </Folder>
  <Folder Name="/samples/SpeakSubtitles/">
    <Project Path="samples/SpeakSubtitles/Windows.Speech.SpeakSubtitles.csproj" />
  </Folder>
  <Folder Name="/samples/SpeakWebPage/">
    <Project Path="samples/SpeakWebPage/Windows.Speech.SpeakWebPage.csproj" />
  </Folder>
  <Folder Name="/samples/TranscribeFile/">
    <Project Path="samples/TranscribeFile/Windows.Speech.TranscribeFile.csproj" />
  </Folder>
  <Folder Name="/samples/TranscriptionBenchmark/">
    <Project Path="samples/TranscriptionBenchmark/Windows.Speech.TranscriptionBenchmark.csproj" />
  </Folder>
  <Folder Name="/samples/VideoVoiceover/">
    <Project Path="samples/Windows.Speech.VideoVoiceover/Windows.Speech.VideoVoiceover.csproj" />
  </Folder>
  <Folder Name="/src/">
    <Project Path="src/Windows.Speech.csproj" />
  </Folder>
  <Folder Name="/tests/">
    <Project Path="tests/Windows.Speech.Tests/Windows.Speech.Tests.csproj" />
  </Folder>
</Solution>
