<Solution>
  <Folder Name="/samples/" />
  <Folder Name="/samples/BatchSynthesis/">
    <Project Path="samples/BatchSynthesis/WindowsNaturalVoices.BatchSynthesis.csproj" />
  </Folder>
  <Folder Name="/samples/ConversationLoop/">
    <Project Path="samples/ConversationLoop/WindowsNaturalVoices.ConversationLoop.csproj" />
  </Folder>
  <Folder Name="/samples/Demo/">
    <Project Path="samples/Demo/WindowsNaturalVoices.Demo.csproj" />
  </Folder>
  <Folder Name="/samples/ListVoices/">
    <Project Path="samples/ListVoices/WindowsNaturalVoices.ListVoices.csproj" />
  </Folder>
  <Folder Name="/samples/LowLevelPipeline/">
    <Project Path="samples/LowLevelPipeline/WindowsNaturalVoices.LowLevelPipeline.csproj" />
  </Folder>
  <Folder Name="/samples/SpeakSubtitles/">
    <Project Path="samples/SpeakSubtitles/WindowsNaturalVoices.SpeakSubtitles.csproj" />
  </Folder>
  <Folder Name="/samples/SpeakWebPage/">
    <Project Path="samples/SpeakWebPage/WindowsNaturalVoices.SpeakWebPage.csproj" />
  </Folder>
  <Folder Name="/samples/TranscribeFile/">
    <Project Path="samples/TranscribeFile/WindowsNaturalVoices.TranscribeFile.csproj" />
  </Folder>
  <Folder Name="/samples/TranscriptionBenchmark/">
    <Project Path="samples/TranscriptionBenchmark/WindowsNaturalVoices.TranscriptionBenchmark.csproj" />
  </Folder>
  <Folder Name="/samples/VideoVoiceover/">
    <Project Path="samples/WindowsNaturalVoices.VideoVoiceover/WindowsNaturalVoices.VideoVoiceover.csproj" />
  </Folder>
  <Folder Name="/src/">
    <Project Path="src/WindowsNaturalVoices.csproj" />
  </Folder>
  <Folder Name="/tests/">
    <Project Path="tests/WindowsNaturalVoices.Tests/WindowsNaturalVoices.Tests.csproj" />
  </Folder>
</Solution>
